
Microsoft Visual Studio Solution File, Format Version 12.00
# Visual Studio Version 16
VisualStudioVersion = 16.0.29411.108
MinimumVisualStudioVersion = 10.0.40219.1
Project("{FAE04EC0-301F-11D3-BF4B-00C04F79EFBC}") = "Ejercicio2", "Ejercicio2.csproj", "{0A6ACE7D-10C6-4711-9452-C523D925A64F}"
EndProject
Global
	GlobalSection(SolutionConfigurationPlatforms) = preSolution
		Debug|Any CPU = Debug|Any CPU
		Release|Any CPU = Release|Any CPU
	EndGlobalSection
	GlobalSection(ProjectConfigurationPlatforms) = postSolution
		{0A6ACE7D-10C6-4711-9452-C523D925A64F}.Debug|Any CPU.ActiveCfg = Debug|Any CPU
		{0A6ACE7D-10C6-4711-9452-C523D925A64F}.Debug|Any CPU.Build.0 = Debug|Any CPU
		{0A6ACE7D-10C6-4711-9452-C523D925A64F}.Release|Any CPU.ActiveCfg = Release|Any CPU
		{0A6ACE7D-10C6-4711-9452-C523D925A64F}.Release|Any CPU.Build.0 = Release|Any CPU
	EndGlobalSection
	GlobalSection(SolutionProperties) = preSolution
		HideSolutionNode = FALSE
	EndGlobalSection
	GlobalSection(ExtensibilityGlobals) = postSolution
		SolutionGuid = {FD5285B8-0D9A-483F-84BA-3755F62E8C45}
	EndGlobalSection
EndGlobal
