
Microsoft Visual Studio Solution File, Format Version 12.00
# Visual Studio Version 16
VisualStudioVersion = 16.0.29411.108
MinimumVisualStudioVersion = 10.0.40219.1
Project("{FAE04EC0-301F-11D3-BF4B-00C04F79EFBC}") = "Ejercicio1", "Ejercicio1.csproj", "{3E9684E4-32FA-4E7A-B72B-B466E96A6CF5}"
EndProject
Global
	GlobalSection(SolutionConfigurationPlatforms) = preSolution
		Debug|Any CPU = Debug|Any CPU
		Release|Any CPU = Release|Any CPU
	EndGlobalSection
	GlobalSection(ProjectConfigurationPlatforms) = postSolution
		{3E9684E4-32FA-4E7A-B72B-B466E96A6CF5}.Debug|Any CPU.ActiveCfg = Debug|Any CPU
		{3E9684E4-32FA-4E7A-B72B-B466E96A6CF5}.Debug|Any CPU.Build.0 = Debug|Any CPU
		{3E9684E4-32FA-4E7A-B72B-B466E96A6CF5}.Release|Any CPU.ActiveCfg = Release|Any CPU
		{3E9684E4-32FA-4E7A-B72B-B466E96A6CF5}.Release|Any CPU.Build.0 = Release|Any CPU
	EndGlobalSection
	GlobalSection(SolutionProperties) = preSolution
		HideSolutionNode = FALSE
	EndGlobalSection
	GlobalSection(ExtensibilityGlobals) = postSolution
		SolutionGuid = {D307697F-7D0C-45F5-97B7-EC6E13D2A59C}
	EndGlobalSection
EndGlobal
