
Microsoft Visual Studio Solution File, Format Version 12.00
# Visual Studio Version 16
VisualStudioVersion = 16.0.29411.108
MinimumVisualStudioVersion = 10.0.40219.1
Project("{FAE04EC0-301F-11D3-BF4B-00C04F79EFBC}") = "NavegadorV03", "NavegadorV03\NavegadorV03.csproj", "{32DDF7E6-966C-4DC2-A108-016AD635A624}"
EndProject
Global
	GlobalSection(SolutionConfigurationPlatforms) = preSolution
		Debug|Any CPU = Debug|Any CPU
		Release|Any CPU = Release|Any CPU
	EndGlobalSection
	GlobalSection(ProjectConfigurationPlatforms) = postSolution
		{32DDF7E6-966C-4DC2-A108-016AD635A624}.Debug|Any CPU.ActiveCfg = Debug|Any CPU
		{32DDF7E6-966C-4DC2-A108-016AD635A624}.Debug|Any CPU.Build.0 = Debug|Any CPU
		{32DDF7E6-966C-4DC2-A108-016AD635A624}.Release|Any CPU.ActiveCfg = Release|Any CPU
		{32DDF7E6-966C-4DC2-A108-016AD635A624}.Release|Any CPU.Build.0 = Release|Any CPU
	EndGlobalSection
	GlobalSection(SolutionProperties) = preSolution
		HideSolutionNode = FALSE
	EndGlobalSection
	GlobalSection(ExtensibilityGlobals) = postSolution
		SolutionGuid = {B088FC94-F82A-4692-A3EC-E0469F2ECE19}
	EndGlobalSection
EndGlobal
